
Microsoft Visual Studio Solution File, Format Version 12.00
# Visual Studio Version 16
VisualStudioVersion = 16.0.31112.23
MinimumVisualStudioVersion = 10.0.40219.1
Project("{FAE04EC0-301F-11D3-BF4B-00C04F79EFBC}") = "ChessBoardConsoleApp", "ChessBoardConsoleApp\ChessBoardConsoleApp.csproj", "{4D58A179-EE4A-4AB6-A0F5-9BDA0532A2F9}"
EndProject
Project("{FAE04EC0-301F-11D3-BF4B-00C04F79EFBC}") = "ChessBoardLibrary", "ChessBoardLibrary\ChessBoardLibrary.csproj", "{0925B0B4-5A35-4BB3-AB20-0645C508A7F2}"
EndProject
Global
	GlobalSection(SolutionConfigurationPlatforms) = preSolution
		Debug|Any CPU = Debug|Any CPU
		Release|Any CPU = Release|Any CPU
	EndGlobalSection
	GlobalSection(ProjectConfigurationPlatforms) = postSolution
		{4D58A179-EE4A-4AB6-A0F5-9BDA0532A2F9}.Debug|Any CPU.ActiveCfg = Debug|Any CPU
		{4D58A179-EE4A-4AB6-A0F5-9BDA0532A2F9}.Debug|Any CPU.Build.0 = Debug|Any CPU
		{4D58A179-EE4A-4AB6-A0F5-9BDA0532A2F9}.Release|Any CPU.ActiveCfg = Release|Any CPU
		{4D58A179-EE4A-4AB6-A0F5-9BDA0532A2F9}.Release|Any CPU.Build.0 = Release|Any CPU
		{0925B0B4-5A35-4BB3-AB20-0645C508A7F2}.Debug|Any CPU.ActiveCfg = Debug|Any CPU
		{0925B0B4-5A35-4BB3-AB20-0645C508A7F2}.Debug|Any CPU.Build.0 = Debug|Any CPU
		{0925B0B4-5A35-4BB3-AB20-0645C508A7F2}.Release|Any CPU.ActiveCfg = Release|Any CPU
		{0925B0B4-5A35-4BB3-AB20-0645C508A7F2}.Release|Any CPU.Build.0 = Release|Any CPU
	EndGlobalSection
	GlobalSection(SolutionProperties) = preSolution
		HideSolutionNode = FALSE
	EndGlobalSection
	GlobalSection(ExtensibilityGlobals) = postSolution
		SolutionGuid = {632EBD7C-684D-4A8C-9322-ADA9E69B0EBB}
	EndGlobalSection
EndGlobal
