
Microsoft Visual Studio Solution File, Format Version 12.00
# Visual Studio Version 16
VisualStudioVersion = 16.0.31112.23
MinimumVisualStudioVersion = 10.0.40219.1
Project("{FAE04EC0-301F-11D3-BF4B-00C04F79EFBC}") = "CandyCrush", "CandyCrush\CandyCrush.csproj", "{E336D4C9-E36D-43B8-A501-E55CA7E2B03A}"
EndProject
Global
	GlobalSection(SolutionConfigurationPlatforms) = preSolution
		Debug|Any CPU = Debug|Any CPU
		Release|Any CPU = Release|Any CPU
	EndGlobalSection
	GlobalSection(ProjectConfigurationPlatforms) = postSolution
		{E336D4C9-E36D-43B8-A501-E55CA7E2B03A}.Debug|Any CPU.ActiveCfg = Debug|Any CPU
		{E336D4C9-E36D-43B8-A501-E55CA7E2B03A}.Debug|Any CPU.Build.0 = Debug|Any CPU
		{E336D4C9-E36D-43B8-A501-E55CA7E2B03A}.Release|Any CPU.ActiveCfg = Release|Any CPU
		{E336D4C9-E36D-43B8-A501-E55CA7E2B03A}.Release|Any CPU.Build.0 = Release|Any CPU
	EndGlobalSection
	GlobalSection(SolutionProperties) = preSolution
		HideSolutionNode = FALSE
	EndGlobalSection
	GlobalSection(ExtensibilityGlobals) = postSolution
		SolutionGuid = {8BF6EDC5-CA4C-4A84-A8A0-14884183E4CF}
	EndGlobalSection
EndGlobal
