
Microsoft Visual Studio Solution File, Format Version 12.00
# Visual Studio Version 16
VisualStudioVersion = 16.0.31112.23
MinimumVisualStudioVersion = 10.0.40219.1
Project("{9A19103F-16F7-4668-BE54-9A1E7A4F7556}") = "CarClassLibrary", "CarClassLibrary\CarClassLibrary.csproj", "{22C63EAA-7D76-40A5-83AA-12375C6CEEC0}"
EndProject
Project("{FAE04EC0-301F-11D3-BF4B-00C04F79EFBC}") = "CarShopConsoleApp", "CarShopConsoleApp\CarShopConsoleApp.csproj", "{AC2B1A1A-52F1-4FB5-97D5-988F5D8C4EED}"
EndProject
Global
	GlobalSection(SolutionConfigurationPlatforms) = preSolution
		Debug|Any CPU = Debug|Any CPU
		Release|Any CPU = Release|Any CPU
	EndGlobalSection
	GlobalSection(ProjectConfigurationPlatforms) = postSolution
		{22C63EAA-7D76-40A5-83AA-12375C6CEEC0}.Debug|Any CPU.ActiveCfg = Debug|Any CPU
		{22C63EAA-7D76-40A5-83AA-12375C6CEEC0}.Debug|Any CPU.Build.0 = Debug|Any CPU
		{22C63EAA-7D76-40A5-83AA-12375C6CEEC0}.Release|Any CPU.ActiveCfg = Release|Any CPU
		{22C63EAA-7D76-40A5-83AA-12375C6CEEC0}.Release|Any CPU.Build.0 = Release|Any CPU
		{AC2B1A1A-52F1-4FB5-97D5-988F5D8C4EED}.Debug|Any CPU.ActiveCfg = Debug|Any CPU
		{AC2B1A1A-52F1-4FB5-97D5-988F5D8C4EED}.Debug|Any CPU.Build.0 = Debug|Any CPU
		{AC2B1A1A-52F1-4FB5-97D5-988F5D8C4EED}.Release|Any CPU.ActiveCfg = Release|Any CPU
		{AC2B1A1A-52F1-4FB5-97D5-988F5D8C4EED}.Release|Any CPU.Build.0 = Release|Any CPU
	EndGlobalSection
	GlobalSection(SolutionProperties) = preSolution
		HideSolutionNode = FALSE
	EndGlobalSection
	GlobalSection(ExtensibilityGlobals) = postSolution
		SolutionGuid = {D624F313-D223-4DC2-89DE-ED7F70D3503F}
	EndGlobalSection
EndGlobal
