
Microsoft Visual Studio Solution File, Format Version 12.00
# Visual Studio Version 16
VisualStudioVersion = 16.0.31112.23
MinimumVisualStudioVersion = 10.0.40219.1
Project("{FAE04EC0-301F-11D3-BF4B-00C04F79EFBC}") = "FileIOApp", "FileIOApp\FileIOApp.csproj", "{944024B2-8F92-41DB-8A2A-4964C4719941}"
EndProject
Global
	GlobalSection(SolutionConfigurationPlatforms) = preSolution
		Debug|Any CPU = Debug|Any CPU
		Release|Any CPU = Release|Any CPU
	EndGlobalSection
	GlobalSection(ProjectConfigurationPlatforms) = postSolution
		{944024B2-8F92-41DB-8A2A-4964C4719941}.Debug|Any CPU.ActiveCfg = Debug|Any CPU
		{944024B2-8F92-41DB-8A2A-4964C4719941}.Debug|Any CPU.Build.0 = Debug|Any CPU
		{944024B2-8F92-41DB-8A2A-4964C4719941}.Release|Any CPU.ActiveCfg = Release|Any CPU
		{944024B2-8F92-41DB-8A2A-4964C4719941}.Release|Any CPU.Build.0 = Release|Any CPU
	EndGlobalSection
	GlobalSection(SolutionProperties) = preSolution
		HideSolutionNode = FALSE
	EndGlobalSection
	GlobalSection(ExtensibilityGlobals) = postSolution
		SolutionGuid = {B20224C9-911F-44FE-A45F-7569E71B1225}
	EndGlobalSection
EndGlobal
